// !$*UTF8*$!
{
	archiveVersion = 1;
	classes = {
	};
	objectVersion = 55;
	objects = {

/* Begin PBXBuildFile section */
		542E93F82B58FAF400D3AB56 /* MainView.swift in Sources */ = {isa = PBXBuildFile; fileRef = 542E93F72B58FAF400D3AB56 /* MainView.swift */; };
		542E93FA2B58FE9C00D3AB56 /* ChecklistView.swift in Sources */ = {isa = PBXBuildFile; fileRef = 542E93F92B58FE9B00D3AB56 /* ChecklistView.swift */; };
		542E93FC2B58FEA300D3AB56 /* SettingsView.swift in Sources */ = {isa = PBXBuildFile; fileRef = 542E93FB2B58FEA300D3AB56 /* SettingsView.swift */; };
		542E93FF2B59043500D3AB56 /* Localizable.xcstrings in Resources */ = {isa = PBXBuildFile; fileRef = 542E93FE2B59043500D3AB56 /* Localizable.xcstrings */; };
		5499D16F27E5A306000A74CD /* Barbecue_CalculatorApp.swift in Sources */ = {isa = PBXBuildFile; fileRef = 5499D16E27E5A306000A74CD /* Barbecue_CalculatorApp.swift */; };
		5499D17127E5A306000A74CD /* CalculatorView.swift in Sources */ = {isa = PBXBuildFile; fileRef = 5499D17027E5A306000A74CD /* CalculatorView.swift */; };
		5499D17327E5A309000A74CD /* Assets.xcassets in Resources */ = {isa = PBXBuildFile; fileRef = 5499D17227E5A309000A74CD /* Assets.xcassets */; };
		5499D17627E5A309000A74CD /* Preview Assets.xcassets in Resources */ = {isa = PBXBuildFile; fileRef = 5499D17527E5A309000A74CD /* Preview Assets.xcassets */; };
		54C88618292A09F900505D3A /* SliderPeopleView.swift in Sources */ = {isa = PBXBuildFile; fileRef = 54C88617292A09F900505D3A /* SliderPeopleView.swift */; };
		54C8861A292A0E3E00505D3A /* PickerView.swift in Sources */ = {isa = PBXBuildFile; fileRef = 54C88619292A0E3E00505D3A /* PickerView.swift */; };
		54C8861C292A166600505D3A /* ImageSliderView.swift in Sources */ = {isa = PBXBuildFile; fileRef = 54C8861B292A166600505D3A /* ImageSliderView.swift */; };
		54C8861E292A230800505D3A /* EmojiView.swift in Sources */ = {isa = PBXBuildFile; fileRef = 54C8861D292A230800505D3A /* EmojiView.swift */; };
		54C88620292A269200505D3A /* CalculateView.swift in Sources */ = {isa = PBXBuildFile; fileRef = 54C8861F292A269200505D3A /* CalculateView.swift */; };
		54C88622292A2DD100505D3A /* LogoImageView.swift in Sources */ = {isa = PBXBuildFile; fileRef = 54C88621292A2DD100505D3A /* LogoImageView.swift */; };
/* End PBXBuildFile section */

/* Begin PBXFileReference section */
		542E93F72B58FAF400D3AB56 /* MainView.swift */ = {isa = PBXFileReference; lastKnownFileType = sourcecode.swift; path = MainView.swift; sourceTree = "<group>"; };
		542E93F92B58FE9B00D3AB56 /* ChecklistView.swift */ = {isa = PBXFileReference; lastKnownFileType = sourcecode.swift; path = ChecklistView.swift; sourceTree = "<group>"; };
		542E93FB2B58FEA300D3AB56 /* SettingsView.swift */ = {isa = PBXFileReference; lastKnownFileType = sourcecode.swift; path = SettingsView.swift; sourceTree = "<group>"; };
		542E93FE2B59043500D3AB56 /* Localizable.xcstrings */ = {isa = PBXFileReference; lastKnownFileType = text.json.xcstrings; path = Localizable.xcstrings; sourceTree = "<group>"; };
		549324822A00EE4700E51C26 /* Barbecue-Calculator-Info.plist */ = {isa = PBXFileReference; lastKnownFileType = text.plist; path = "Barbecue-Calculator-Info.plist"; sourceTree = SOURCE_ROOT; };
		5499D16B27E5A306000A74CD /* Barbecue Calculator.app */ = {isa = PBXFileReference; explicitFileType = wrapper.application; includeInIndex = 0; path = "Barbecue Calculator.app"; sourceTree = BUILT_PRODUCTS_DIR; };
		5499D16E27E5A306000A74CD /* Barbecue_CalculatorApp.swift */ = {isa = PBXFileReference; lastKnownFileType = sourcecode.swift; path = Barbecue_CalculatorApp.swift; sourceTree = "<group>"; };
		5499D17027E5A306000A74CD /* CalculatorView.swift */ = {isa = PBXFileReference; lastKnownFileType = sourcecode.swift; path = CalculatorView.swift; sourceTree = "<group>"; };
		5499D17227E5A309000A74CD /* Assets.xcassets */ = {isa = PBXFileReference; lastKnownFileType = folder.assetcatalog; path = Assets.xcassets; sourceTree = "<group>"; };
		5499D17527E5A309000A74CD /* Preview Assets.xcassets */ = {isa = PBXFileReference; lastKnownFileType = folder.assetcatalog; path = "Preview Assets.xcassets"; sourceTree = "<group>"; };
		54C88617292A09F900505D3A /* SliderPeopleView.swift */ = {isa = PBXFileReference; lastKnownFileType = sourcecode.swift; path = SliderPeopleView.swift; sourceTree = "<group>"; };
		54C88619292A0E3E00505D3A /* PickerView.swift */ = {isa = PBXFileReference; lastKnownFileType = sourcecode.swift; path = PickerView.swift; sourceTree = "<group>"; };
		54C8861B292A166600505D3A /* ImageSliderView.swift */ = {isa = PBXFileReference; lastKnownFileType = sourcecode.swift; path = ImageSliderView.swift; sourceTree = "<group>"; };
		54C8861D292A230800505D3A /* EmojiView.swift */ = {isa = PBXFileReference; lastKnownFileType = sourcecode.swift; path = EmojiView.swift; sourceTree = "<group>"; };
		54C8861F292A269200505D3A /* CalculateView.swift */ = {isa = PBXFileReference; lastKnownFileType = sourcecode.swift; path = CalculateView.swift; sourceTree = "<group>"; };
		54C88621292A2DD100505D3A /* LogoImageView.swift */ = {isa = PBXFileReference; lastKnownFileType = sourcecode.swift; path = LogoImageView.swift; sourceTree = "<group>"; };
/* End PBXFileReference section */

/* Begin PBXFrameworksBuildPhase section */
		5499D16827E5A306000A74CD /* Frameworks */ = {
			isa = PBXFrameworksBuildPhase;
			buildActionMask = 2147483647;
			files = (
			);
			runOnlyForDeploymentPostprocessing = 0;
		};
/* End PBXFrameworksBuildPhase section */

/* Begin PBXGroup section */
		542E93FD2B58FF0000D3AB56 /* Calculator Views */ = {
			isa = PBXGroup;
			children = (
				5499D17027E5A306000A74CD /* CalculatorView.swift */,
				54C88621292A2DD100505D3A /* LogoImageView.swift */,
				54C88617292A09F900505D3A /* SliderPeopleView.swift */,
				54C88619292A0E3E00505D3A /* PickerView.swift */,
				54C8861B292A166600505D3A /* ImageSliderView.swift */,
				54C8861F292A269200505D3A /* CalculateView.swift */,
				54C8861D292A230800505D3A /* EmojiView.swift */,
			);
			path = "Calculator Views";
			sourceTree = "<group>";
		};
		542E94002B5907F700D3AB56 /* Checklist Views */ = {
			isa = PBXGroup;
			children = (
				542E93F92B58FE9B00D3AB56 /* ChecklistView.swift */,
			);
			path = "Checklist Views";
			sourceTree = "<group>";
		};
		542E94012B59080200D3AB56 /* Settings Views */ = {
			isa = PBXGroup;
			children = (
				542E93FB2B58FEA300D3AB56 /* SettingsView.swift */,
			);
			path = "Settings Views";
			sourceTree = "<group>";
		};
		5499D16227E5A306000A74CD = {
			isa = PBXGroup;
			children = (
				5499D16D27E5A306000A74CD /* Barbecue Calculator */,
				5499D16C27E5A306000A74CD /* Products */,
			);
			sourceTree = "<group>";
		};
		5499D16C27E5A306000A74CD /* Products */ = {
			isa = PBXGroup;
			children = (
				5499D16B27E5A306000A74CD /* Barbecue Calculator.app */,
			);
			name = Products;
			sourceTree = "<group>";
		};
		5499D16D27E5A306000A74CD /* Barbecue Calculator */ = {
			isa = PBXGroup;
			children = (
				5499D16E27E5A306000A74CD /* Barbecue_CalculatorApp.swift */,
				542E93F72B58FAF400D3AB56 /* MainView.swift */,
				542E93FD2B58FF0000D3AB56 /* Calculator Views */,
				542E94002B5907F700D3AB56 /* Checklist Views */,
				542E94012B59080200D3AB56 /* Settings Views */,
				542E93FE2B59043500D3AB56 /* Localizable.xcstrings */,
				5499D17227E5A309000A74CD /* Assets.xcassets */,
				549324822A00EE4700E51C26 /* Barbecue-Calculator-Info.plist */,
				5499D17427E5A309000A74CD /* Preview Content */,
			);
			path = "Barbecue Calculator";
			sourceTree = "<group>";
		};
		5499D17427E5A309000A74CD /* Preview Content */ = {
			isa = PBXGroup;
			children = (
				5499D17527E5A309000A74CD /* Preview Assets.xcassets */,
			);
			path = "Preview Content";
			sourceTree = "<group>";
		};
/* End PBXGroup section */

/* Begin PBXNativeTarget section */
		5499D16A27E5A306000A74CD /* Barbecue Calculator */ = {
			isa = PBXNativeTarget;
			buildConfigurationList = 5499D17927E5A309000A74CD /* Build configuration list for PBXNativeTarget "Barbecue Calculator" */;
			buildPhases = (
				5499D16727E5A306000A74CD /* Sources */,
				5499D16827E5A306000A74CD /* Frameworks */,
				5499D16927E5A306000A74CD /* Resources */,
			);
			buildRules = (
			);
			dependencies = (
			);
			name = "Barbecue Calculator";
			productName = "Barbecue Calculator";
			productReference = 5499D16B27E5A306000A74CD /* Barbecue Calculator.app */;
			productType = "com.apple.product-type.application";
		};
/* End PBXNativeTarget section */

/* Begin PBXProject section */
		5499D16327E5A306000A74CD /* Project object */ = {
			isa = PBXProject;
			attributes = {
				BuildIndependentTargetsInParallel = 1;
				LastSwiftUpdateCheck = 1330;
				LastUpgradeCheck = 1500;
				TargetAttributes = {
					5499D16A27E5A306000A74CD = {
						CreatedOnToolsVersion = 13.3;
					};
				};
			};
			buildConfigurationList = 5499D16627E5A306000A74CD /* Build configuration list for PBXProject "Barbecue Calculator" */;
			compatibilityVersion = "Xcode 13.0";
			developmentRegion = en;
			hasScannedForEncodings = 0;
			knownRegions = (
				ru,
				en,
				Base,
			);
			mainGroup = 5499D16227E5A306000A74CD;
			productRefGroup = 5499D16C27E5A306000A74CD /* Products */;
			projectDirPath = "";
			projectRoot = "";
			targets = (
				5499D16A27E5A306000A74CD /* Barbecue Calculator */,
			);
		};
/* End PBXProject section */

/* Begin PBXResourcesBuildPhase section */
		5499D16927E5A306000A74CD /* Resources */ = {
			isa = PBXResourcesBuildPhase;
			buildActionMask = 2147483647;
			files = (
				5499D17627E5A309000A74CD /* Preview Assets.xcassets in Resources */,
				542E93FF2B59043500D3AB56 /* Localizable.xcstrings in Resources */,
				5499D17327E5A309000A74CD /* Assets.xcassets in Resources */,
			);
			runOnlyForDeploymentPostprocessing = 0;
		};
/* End PBXResourcesBuildPhase section */

/* Begin PBXSourcesBuildPhase section */
		5499D16727E5A306000A74CD /* Sources */ = {
			isa = PBXSourcesBuildPhase;
			buildActionMask = 2147483647;
			files = (
				54C88622292A2DD100505D3A /* LogoImageView.swift in Sources */,
				542E93FA2B58FE9C00D3AB56 /* ChecklistView.swift in Sources */,
				542E93F82B58FAF400D3AB56 /* MainView.swift in Sources */,
				54C8861A292A0E3E00505D3A /* PickerView.swift in Sources */,
				54C88618292A09F900505D3A /* SliderPeopleView.swift in Sources */,
				5499D17127E5A306000A74CD /* CalculatorView.swift in Sources */,
				54C88620292A269200505D3A /* CalculateView.swift in Sources */,
				5499D16F27E5A306000A74CD /* Barbecue_CalculatorApp.swift in Sources */,
				54C8861C292A166600505D3A /* ImageSliderView.swift in Sources */,
				54C8861E292A230800505D3A /* EmojiView.swift in Sources */,
				542E93FC2B58FEA300D3AB56 /* SettingsView.swift in Sources */,
			);
			runOnlyForDeploymentPostprocessing = 0;
		};
/* End PBXSourcesBuildPhase section */

/* Begin XCBuildConfiguration section */
		5499D17727E5A309000A74CD /* Debug */ = {
			isa = XCBuildConfiguration;
			buildSettings = {
				ALWAYS_SEARCH_USER_PATHS = NO;
				CLANG_ANALYZER_LOCALIZABILITY_NONLOCALIZED = YES;
				CLANG_ANALYZER_NONNULL = YES;
				CLANG_ANALYZER_NUMBER_OBJECT_CONVERSION = YES_AGGRESSIVE;
				CLANG_CXX_LANGUAGE_STANDARD = "gnu++17";
				CLANG_ENABLE_MODULES = YES;
				CLANG_ENABLE_OBJC_ARC = YES;
				CLANG_ENABLE_OBJC_WEAK = YES;
				CLANG_WARN_BLOCK_CAPTURE_AUTORELEASING = YES;
				CLANG_WARN_BOOL_CONVERSION = YES;
				CLANG_WARN_COMMA = YES;
				CLANG_WARN_CONSTANT_CONVERSION = YES;
				CLANG_WARN_DEPRECATED_OBJC_IMPLEMENTATIONS = YES;
				CLANG_WARN_DIRECT_OBJC_ISA_USAGE = YES_ERROR;
				CLANG_WARN_DOCUMENTATION_COMMENTS = YES;
				CLANG_WARN_EMPTY_BODY = YES;
				CLANG_WARN_ENUM_CONVERSION = YES;
				CLANG_WARN_INFINITE_RECURSION = YES;
				CLANG_WARN_INT_CONVERSION = YES;
				CLANG_WARN_NON_LITERAL_NULL_CONVERSION = YES;
				CLANG_WARN_OBJC_IMPLICIT_RETAIN_SELF = YES;
				CLANG_WARN_OBJC_LITERAL_CONVERSION = YES;
				CLANG_WARN_OBJC_ROOT_CLASS = YES_ERROR;
				CLANG_WARN_QUOTED_INCLUDE_IN_FRAMEWORK_HEADER = YES;
				CLANG_WARN_RANGE_LOOP_ANALYSIS = YES;
				CLANG_WARN_STRICT_PROTOTYPES = YES;
				CLANG_WARN_SUSPICIOUS_MOVE = YES;
				CLANG_WARN_UNGUARDED_AVAILABILITY = YES_AGGRESSIVE;
				CLANG_WARN_UNREACHABLE_CODE = YES;
				CLANG_WARN__DUPLICATE_METHOD_MATCH = YES;
				COPY_PHASE_STRIP = NO;
				DEBUG_INFORMATION_FORMAT = dwarf;
				ENABLE_STRICT_OBJC_MSGSEND = YES;
				ENABLE_TESTABILITY = YES;
				ENABLE_USER_SCRIPT_SANDBOXING = YES;
				GCC_C_LANGUAGE_STANDARD = gnu11;
				GCC_DYNAMIC_NO_PIC = NO;
				GCC_NO_COMMON_BLOCKS = YES;
				GCC_OPTIMIZATION_LEVEL = 0;
				GCC_PREPROCESSOR_DEFINITIONS = (
					"DEBUG=1",
					"$(inherited)",
				);
				GCC_WARN_64_TO_32_BIT_CONVERSION = YES;
				GCC_WARN_ABOUT_RETURN_TYPE = YES_ERROR;
				GCC_WARN_UNDECLARED_SELECTOR = YES;
				GCC_WARN_UNINITIALIZED_AUTOS = YES_AGGRESSIVE;
				GCC_WARN_UNUSED_FUNCTION = YES;
				GCC_WARN_UNUSED_VARIABLE = YES;
				IPHONEOS_DEPLOYMENT_TARGET = 16.0;
				MTL_ENABLE_DEBUG_INFO = INCLUDE_SOURCE;
				MTL_FAST_MATH = YES;
				ONLY_ACTIVE_ARCH = YES;
				SDKROOT = iphoneos;
				SWIFT_ACTIVE_COMPILATION_CONDITIONS = DEBUG;
				SWIFT_OPTIMIZATION_LEVEL = "-Onone";
			};
			name = Debug;
		};
		5499D17827E5A309000A74CD /* Release */ = {
			isa = XCBuildConfiguration;
			buildSettings = {
				ALWAYS_SEARCH_USER_PATHS = NO;
				CLANG_ANALYZER_LOCALIZABILITY_NONLOCALIZED = YES;
				CLANG_ANALYZER_NONNULL = YES;
				CLANG_ANALYZER_NUMBER_OBJECT_CONVERSION = YES_AGGRESSIVE;
				CLANG_CXX_LANGUAGE_STANDARD = "gnu++17";
				CLANG_ENABLE_MODULES = YES;
				CLANG_ENABLE_OBJC_ARC = YES;
				CLANG_ENABLE_OBJC_WEAK = YES;
				CLANG_WARN_BLOCK_CAPTURE_AUTORELEASING = YES;
				CLANG_WARN_BOOL_CONVERSION = YES;
				CLANG_WARN_COMMA = YES;
				CLANG_WARN_CONSTANT_CONVERSION = YES;
				CLANG_WARN_DEPRECATED_OBJC_IMPLEMENTATIONS = YES;
				CLANG_WARN_DIRECT_OBJC_ISA_USAGE = YES_ERROR;
				CLANG_WARN_DOCUMENTATION_COMMENTS = YES;
				CLANG_WARN_EMPTY_BODY = YES;
				CLANG_WARN_ENUM_CONVERSION = YES;
				CLANG_WARN_INFINITE_RECURSION = YES;
				CLANG_WARN_INT_CONVERSION = YES;
				CLANG_WARN_NON_LITERAL_NULL_CONVERSION = YES;
				CLANG_WARN_OBJC_IMPLICIT_RETAIN_SELF = YES;
				CLANG_WARN_OBJC_LITERAL_CONVERSION = YES;
				CLANG_WARN_OBJC_ROOT_CLASS = YES_ERROR;
				CLANG_WARN_QUOTED_INCLUDE_IN_FRAMEWORK_HEADER = YES;
				CLANG_WARN_RANGE_LOOP_ANALYSIS = YES;
				CLANG_WARN_STRICT_PROTOTYPES = YES;
				CLANG_WARN_SUSPICIOUS_MOVE = YES;
				CLANG_WARN_UNGUARDED_AVAILABILITY = YES_AGGRESSIVE;
				CLANG_WARN_UNREACHABLE_CODE = YES;
				CLANG_WARN__DUPLICATE_METHOD_MATCH = YES;
				COPY_PHASE_STRIP = NO;
				DEBUG_INFORMATION_FORMAT = "dwarf-with-dsym";
				ENABLE_NS_ASSERTIONS = NO;
				ENABLE_STRICT_OBJC_MSGSEND = YES;
				ENABLE_USER_SCRIPT_SANDBOXING = YES;
				GCC_C_LANGUAGE_STANDARD = gnu11;
				GCC_NO_COMMON_BLOCKS = YES;
				GCC_WARN_64_TO_32_BIT_CONVERSION = YES;
				GCC_WARN_ABOUT_RETURN_TYPE = YES_ERROR;
				GCC_WARN_UNDECLARED_SELECTOR = YES;
				GCC_WARN_UNINITIALIZED_AUTOS = YES_AGGRESSIVE;
				GCC_WARN_UNUSED_FUNCTION = YES;
				GCC_WARN_UNUSED_VARIABLE = YES;
				IPHONEOS_DEPLOYMENT_TARGET = 16.0;
				MTL_ENABLE_DEBUG_INFO = NO;
				MTL_FAST_MATH = YES;
				SDKROOT = iphoneos;
				SWIFT_COMPILATION_MODE = wholemodule;
				SWIFT_OPTIMIZATION_LEVEL = "-O";
				VALIDATE_PRODUCT = YES;
			};
			name = Release;
		};
		5499D17A27E5A309000A74CD /* Debug */ = {
			isa = XCBuildConfiguration;
			buildSettings = {
				ASSETCATALOG_COMPILER_APPICON_NAME = AppIcon;
				ASSETCATALOG_COMPILER_GLOBAL_ACCENT_COLOR_NAME = AccentColor;
				ASSETCATALOG_COMPILER_INCLUDE_ALL_APPICON_ASSETS = NO;
				CODE_SIGN_STYLE = Automatic;
				CURRENT_PROJECT_VERSION = 10;
				DEVELOPMENT_ASSET_PATHS = "\"Barbecue Calculator/Preview Content\"";
				DEVELOPMENT_TEAM = 6H647W3VQP;
				ENABLE_PREVIEWS = YES;
				GENERATE_INFOPLIST_FILE = YES;
				INFOPLIST_FILE = "Barbecue-Calculator-Info.plist";
				INFOPLIST_KEY_CFBundleDisplayName = "BBQ Calculate";
				INFOPLIST_KEY_LSApplicationCategoryType = "public.app-category.food-and-drink";
				INFOPLIST_KEY_UIApplicationSupportsIndirectInputEvents = YES;
				INFOPLIST_KEY_UILaunchScreen_Generation = YES;
				INFOPLIST_KEY_UIRequiresFullScreen = NO;
				INFOPLIST_KEY_UIStatusBarHidden = NO;
				INFOPLIST_KEY_UIStatusBarStyle = "";
				INFOPLIST_KEY_UISupportedInterfaceOrientations = UIInterfaceOrientationPortrait;
				IPHONEOS_DEPLOYMENT_TARGET = 16.0;
				LD_RUNPATH_SEARCH_PATHS = (
					"$(inherited)",
					"@executable_path/Frameworks",
				);
				MARKETING_VERSION = 1.3.0;
				PRODUCT_BUNDLE_IDENTIFIER = tech.goodservice.bc;
				PRODUCT_NAME = "$(TARGET_NAME)";
				SUPPORTED_PLATFORMS = "iphoneos iphonesimulator";
				SUPPORTS_MACCATALYST = NO;
				SUPPORTS_MAC_DESIGNED_FOR_IPHONE_IPAD = NO;
				SUPPORTS_XR_DESIGNED_FOR_IPHONE_IPAD = NO;
				SWIFT_EMIT_LOC_STRINGS = YES;
				SWIFT_VERSION = 5.0;
				TARGETED_DEVICE_FAMILY = 1;
			};
			name = Debug;
		};
		5499D17B27E5A309000A74CD /* Release */ = {
			isa = XCBuildConfiguration;
			buildSettings = {
				ASSETCATALOG_COMPILER_APPICON_NAME = AppIcon;
				ASSETCATALOG_COMPILER_GLOBAL_ACCENT_COLOR_NAME = AccentColor;
				ASSETCATALOG_COMPILER_INCLUDE_ALL_APPICON_ASSETS = NO;
				CODE_SIGN_STYLE = Automatic;
				CURRENT_PROJECT_VERSION = 10;
				DEVELOPMENT_ASSET_PATHS = "\"Barbecue Calculator/Preview Content\"";
				DEVELOPMENT_TEAM = 6H647W3VQP;
				ENABLE_PREVIEWS = YES;
				GENERATE_INFOPLIST_FILE = YES;
				INFOPLIST_FILE = "Barbecue-Calculator-Info.plist";
				INFOPLIST_KEY_CFBundleDisplayName = "BBQ Calculate";
				INFOPLIST_KEY_LSApplicationCategoryType = "public.app-category.food-and-drink";
				INFOPLIST_KEY_UIApplicationSupportsIndirectInputEvents = YES;
				INFOPLIST_KEY_UILaunchScreen_Generation = YES;
				INFOPLIST_KEY_UIRequiresFullScreen = NO;
				INFOPLIST_KEY_UIStatusBarHidden = NO;
				INFOPLIST_KEY_UIStatusBarStyle = "";
				INFOPLIST_KEY_UISupportedInterfaceOrientations = UIInterfaceOrientationPortrait;
				IPHONEOS_DEPLOYMENT_TARGET = 16.0;
				LD_RUNPATH_SEARCH_PATHS = (
					"$(inherited)",
					"@executable_path/Frameworks",
				);
				MARKETING_VERSION = 1.3.0;
				PRODUCT_BUNDLE_IDENTIFIER = tech.goodservice.bc;
				PRODUCT_NAME = "$(TARGET_NAME)";
				SUPPORTED_PLATFORMS = "iphoneos iphonesimulator";
				SUPPORTS_MACCATALYST = NO;
				SUPPORTS_MAC_DESIGNED_FOR_IPHONE_IPAD = NO;
				SUPPORTS_XR_DESIGNED_FOR_IPHONE_IPAD = NO;
				SWIFT_EMIT_LOC_STRINGS = YES;
				SWIFT_VERSION = 5.0;
				TARGETED_DEVICE_FAMILY = 1;
			};
			name = Release;
		};
/* End XCBuildConfiguration section */

/* Begin XCConfigurationList section */
		5499D16627E5A306000A74CD /* Build configuration list for PBXProject "Barbecue Calculator" */ = {
			isa = XCConfigurationList;
			buildConfigurations = (
				5499D17727E5A309000A74CD /* Debug */,
				5499D17827E5A309000A74CD /* Release */,
			);
			defaultConfigurationIsVisible = 0;
			defaultConfigurationName = Release;
		};
		5499D17927E5A309000A74CD /* Build configuration list for PBXNativeTarget "Barbecue Calculator" */ = {
			isa = XCConfigurationList;
			buildConfigurations = (
				5499D17A27E5A309000A74CD /* Debug */,
				5499D17B27E5A309000A74CD /* Release */,
			);
			defaultConfigurationIsVisible = 0;
			defaultConfigurationName = Release;
		};
/* End XCConfigurationList section */
	};
	rootObject = 5499D16327E5A306000A74CD /* Project object */;
}
